// !$*UTF8*$!
{
	archiveVersion = 1;
	classes = {
	};
	objectVersion = 55;
	objects = {

/* Begin PBXBuildFile section */
		3F547C94280674730036E56E /* AppDelegate.swift in Sources */ = {isa = PBXBuildFile; fileRef = 3F547C93280674730036E56E /* AppDelegate.swift */; };
		3F547C96280674730036E56E /* SceneDelegate.swift in Sources */ = {isa = PBXBuildFile; fileRef = 3F547C95280674730036E56E /* SceneDelegate.swift */; };
		3F547C98280674730036E56E /* GrocerySectionsViewController.swift in Sources */ = {isa = PBXBuildFile; fileRef = 3F547C97280674730036E56E /* GrocerySectionsViewController.swift */; };
		3F547C9B280674730036E56E /* Main.storyboard in Resources */ = {isa = PBXBuildFile; fileRef = 3F547C99280674730036E56E /* Main.storyboard */; };
		3F547C9D280674740036E56E /* Assets.xcassets in Resources */ = {isa = PBXBuildFile; fileRef = 3F547C9C280674740036E56E /* Assets.xcassets */; };
		3F547CA0280674740036E56E /* LaunchScreen.storyboard in Resources */ = {isa = PBXBuildFile; fileRef = 3F547C9E280674740036E56E /* LaunchScreen.storyboard */; };
		3F547CAB280674740036E56E /* Butham_GroceryAppTests.swift in Sources */ = {isa = PBXBuildFile; fileRef = 3F547CAA280674740036E56E /* Butham_GroceryAppTests.swift */; };
		3F547CB5280674740036E56E /* Butham_GroceryAppUITests.swift in Sources */ = {isa = PBXBuildFile; fileRef = 3F547CB4280674740036E56E /* Butham_GroceryAppUITests.swift */; };
		3F547CB7280674740036E56E /* Butham_GroceryAppUITestsLaunchTests.swift in Sources */ = {isa = PBXBuildFile; fileRef = 3F547CB6280674740036E56E /* Butham_GroceryAppUITestsLaunchTests.swift */; };
		3F547CC4280675570036E56E /* GroceryItemsViewController.swift in Sources */ = {isa = PBXBuildFile; fileRef = 3F547CC3280675570036E56E /* GroceryItemsViewController.swift */; };
		3F547CC6280675770036E56E /* ItemInfoViewController.swift in Sources */ = {isa = PBXBuildFile; fileRef = 3F547CC5280675770036E56E /* ItemInfoViewController.swift */; };
		3F547CC82806758F0036E56E /* GrocerySections.swift in Sources */ = {isa = PBXBuildFile; fileRef = 3F547CC72806758F0036E56E /* GrocerySections.swift */; };
/* End PBXBuildFile section */

/* Begin PBXContainerItemProxy section */
		3F547CA7280674740036E56E /* PBXContainerItemProxy */ = {
			isa = PBXContainerItemProxy;
			containerPortal = 3F547C88280674730036E56E /* Project object */;
			proxyType = 1;
			remoteGlobalIDString = 3F547C8F280674730036E56E;
			remoteInfo = Butham_GroceryApp;
		};
		3F547CB1280674740036E56E /* PBXContainerItemProxy */ = {
			isa = PBXContainerItemProxy;
			containerPortal = 3F547C88280674730036E56E /* Project object */;
			proxyType = 1;
			remoteGlobalIDString = 3F547C8F280674730036E56E;
			remoteInfo = Butham_GroceryApp;
		};
/* End PBXContainerItemProxy section */

/* Begin PBXFileReference section */
		3F547C90280674730036E56E /* Butham_GroceryApp.app */ = {isa = PBXFileReference; explicitFileType = wrapper.application; includeInIndex = 0; path = Butham_GroceryApp.app; sourceTree = BUILT_PRODUCTS_DIR; };
		3F547C93280674730036E56E /* AppDelegate.swift */ = {isa = PBXFileReference; lastKnownFileType = sourcecode.swift; path = AppDelegate.swift; sourceTree = "<group>"; };
		3F547C95280674730036E56E /* SceneDelegate.swift */ = {isa = PBXFileReference; lastKnownFileType = sourcecode.swift; path = SceneDelegate.swift; sourceTree = "<group>"; };
		3F547C97280674730036E56E /* GrocerySectionsViewController.swift */ = {isa = PBXFileReference; lastKnownFileType = sourcecode.swift; path = GrocerySectionsViewController.swift; sourceTree = "<group>"; };
		3F547C9A280674730036E56E /* Base */ = {isa = PBXFileReference; lastKnownFileType = file.storyboard; name = Base; path = Base.lproj/Main.storyboard; sourceTree = "<group>"; };
		3F547C9C280674740036E56E /* Assets.xcassets */ = {isa = PBXFileReference; lastKnownFileType = folder.assetcatalog; path = Assets.xcassets; sourceTree = "<group>"; };
		3F547C9F280674740036E56E /* Base */ = {isa = PBXFileReference; lastKnownFileType = file.storyboard; name = Base; path = Base.lproj/LaunchScreen.storyboard; sourceTree = "<group>"; };
		3F547CA1280674740036E56E /* Info.plist */ = {isa = PBXFileReference; lastKnownFileType = text.plist.xml; path = Info.plist; sourceTree = "<group>"; };
		3F547CA6280674740036E56E /* Butham_GroceryAppTests.xctest */ = {isa = PBXFileReference; explicitFileType = wrapper.cfbundle; includeInIndex = 0; path = Butham_GroceryAppTests.xctest; sourceTree = BUILT_PRODUCTS_DIR; };
		3F547CAA280674740036E56E /* Butham_GroceryAppTests.swift */ = {isa = PBXFileReference; lastKnownFileType = sourcecode.swift; path = Butham_GroceryAppTests.swift; sourceTree = "<group>"; };
		3F547CB0280674740036E56E /* Butham_GroceryAppUITests.xctest */ = {isa = PBXFileReference; explicitFileType = wrapper.cfbundle; includeInIndex = 0; path = Butham_GroceryAppUITests.xctest; sourceTree = BUILT_PRODUCTS_DIR; };
		3F547CB4280674740036E56E /* Butham_GroceryAppUITests.swift */ = {isa = PBXFileReference; lastKnownFileType = sourcecode.swift; path = Butham_GroceryAppUITests.swift; sourceTree = "<group>"; };
		3F547CB6280674740036E56E /* Butham_GroceryAppUITestsLaunchTests.swift */ = {isa = PBXFileReference; lastKnownFileType = sourcecode.swift; path = Butham_GroceryAppUITestsLaunchTests.swift; sourceTree = "<group>"; };
		3F547CC3280675570036E56E /* GroceryItemsViewController.swift */ = {isa = PBXFileReference; lastKnownFileType = sourcecode.swift; path = GroceryItemsViewController.swift; sourceTree = "<group>"; };
		3F547CC5280675770036E56E /* ItemInfoViewController.swift */ = {isa = PBXFileReference; lastKnownFileType = sourcecode.swift; path = ItemInfoViewController.swift; sourceTree = "<group>"; };
		3F547CC72806758F0036E56E /* GrocerySections.swift */ = {isa = PBXFileReference; lastKnownFileType = sourcecode.swift; path = GrocerySections.swift; sourceTree = "<group>"; };
/* End PBXFileReference section */

/* Begin PBXFrameworksBuildPhase section */
		3F547C8D280674730036E56E /* Frameworks */ = {
			isa = PBXFrameworksBuildPhase;
			buildActionMask = 2147483647;
			files = (
			);
			runOnlyForDeploymentPostprocessing = 0;
		};
		3F547CA3280674740036E56E /* Frameworks */ = {
			isa = PBXFrameworksBuildPhase;
			buildActionMask = 2147483647;
			files = (
			);
			runOnlyForDeploymentPostprocessing = 0;
		};
		3F547CAD280674740036E56E /* Frameworks */ = {
			isa = PBXFrameworksBuildPhase;
			buildActionMask = 2147483647;
			files = (
			);
			runOnlyForDeploymentPostprocessing = 0;
		};
/* End PBXFrameworksBuildPhase section */

/* Begin PBXGroup section */
		3F547C87280674730036E56E = {
			isa = PBXGroup;
			children = (
				3F547C92280674730036E56E /* Butham_GroceryApp */,
				3F547CA9280674740036E56E /* Butham_GroceryAppTests */,
				3F547CB3280674740036E56E /* Butham_GroceryAppUITests */,
				3F547C91280674730036E56E /* Products */,
			);
			sourceTree = "<group>";
		};
		3F547C91280674730036E56E /* Products */ = {
			isa = PBXGroup;
			children = (
				3F547C90280674730036E56E /* Butham_GroceryApp.app */,
				3F547CA6280674740036E56E /* Butham_GroceryAppTests.xctest */,
				3F547CB0280674740036E56E /* Butham_GroceryAppUITests.xctest */,
			);
			name = Products;
			sourceTree = "<group>";
		};
		3F547C92280674730036E56E /* Butham_GroceryApp */ = {
			isa = PBXGroup;
			children = (
				3F547C93280674730036E56E /* AppDelegate.swift */,
				3F547C95280674730036E56E /* SceneDelegate.swift */,
				3F547C97280674730036E56E /* GrocerySectionsViewController.swift */,
				3F547C99280674730036E56E /* Main.storyboard */,
				3F547C9C280674740036E56E /* Assets.xcassets */,
				3F547C9E280674740036E56E /* LaunchScreen.storyboard */,
				3F547CA1280674740036E56E /* Info.plist */,
				3F547CC3280675570036E56E /* GroceryItemsViewController.swift */,
				3F547CC5280675770036E56E /* ItemInfoViewController.swift */,
				3F547CC72806758F0036E56E /* GrocerySections.swift */,
			);
			path = Butham_GroceryApp;
			sourceTree = "<group>";
		};
		3F547CA9280674740036E56E /* Butham_GroceryAppTests */ = {
			isa = PBXGroup;
			children = (
				3F547CAA280674740036E56E /* Butham_GroceryAppTests.swift */,
			);
			path = Butham_GroceryAppTests;
			sourceTree = "<group>";
		};
		3F547CB3280674740036E56E /* Butham_GroceryAppUITests */ = {
			isa = PBXGroup;
			children = (
				3F547CB4280674740036E56E /* Butham_GroceryAppUITests.swift */,
				3F547CB6280674740036E56E /* Butham_GroceryAppUITestsLaunchTests.swift */,
			);
			path = Butham_GroceryAppUITests;
			sourceTree = "<group>";
		};
/* End PBXGroup section */

/* Begin PBXNativeTarget section */
		3F547C8F280674730036E56E /* Butham_GroceryApp */ = {
			isa = PBXNativeTarget;
			buildConfigurationList = 3F547CBA280674740036E56E /* Build configuration list for PBXNativeTarget "Butham_GroceryApp" */;
			buildPhases = (
				3F547C8C280674730036E56E /* Sources */,
				3F547C8D280674730036E56E /* Frameworks */,
				3F547C8E280674730036E56E /* Resources */,
			);
			buildRules = (
			);
			dependencies = (
			);
			name = Butham_GroceryApp;
			productName = Butham_GroceryApp;
			productReference = 3F547C90280674730036E56E /* Butham_GroceryApp.app */;
			productType = "com.apple.product-type.application";
		};
		3F547CA5280674740036E56E /* Butham_GroceryAppTests */ = {
			isa = PBXNativeTarget;
			buildConfigurationList = 3F547CBD280674740036E56E /* Build configuration list for PBXNativeTarget "Butham_GroceryAppTests" */;
			buildPhases = (
				3F547CA2280674740036E56E /* Sources */,
				3F547CA3280674740036E56E /* Frameworks */,
				3F547CA4280674740036E56E /* Resources */,
			);
			buildRules = (
			);
			dependencies = (
				3F547CA8280674740036E56E /* PBXTargetDependency */,
			);
			name = Butham_GroceryAppTests;
			productName = Butham_GroceryAppTests;
			productReference = 3F547CA6280674740036E56E /* Butham_GroceryAppTests.xctest */;
			productType = "com.apple.product-type.bundle.unit-test";
		};
		3F547CAF280674740036E56E /* Butham_GroceryAppUITests */ = {
			isa = PBXNativeTarget;
			buildConfigurationList = 3F547CC0280674740036E56E /* Build configuration list for PBXNativeTarget "Butham_GroceryAppUITests" */;
			buildPhases = (
				3F547CAC280674740036E56E /* Sources */,
				3F547CAD280674740036E56E /* Frameworks */,
				3F547CAE280674740036E56E /* Resources */,
			);
			buildRules = (
			);
			dependencies = (
				3F547CB2280674740036E56E /* PBXTargetDependency */,
			);
			name = Butham_GroceryAppUITests;
			productName = Butham_GroceryAppUITests;
			productReference = 3F547CB0280674740036E56E /* Butham_GroceryAppUITests.xctest */;
			productType = "com.apple.product-type.bundle.ui-testing";
		};
/* End PBXNativeTarget section */

/* Begin PBXProject section */
		3F547C88280674730036E56E /* Project object */ = {
			isa = PBXProject;
			attributes = {
				BuildIndependentTargetsInParallel = 1;
				LastSwiftUpdateCheck = 1330;
				LastUpgradeCheck = 1330;
				TargetAttributes = {
					3F547C8F280674730036E56E = {
						CreatedOnToolsVersion = 13.3;
					};
					3F547CA5280674740036E56E = {
						CreatedOnToolsVersion = 13.3;
						TestTargetID = 3F547C8F280674730036E56E;
					};
					3F547CAF280674740036E56E = {
						CreatedOnToolsVersion = 13.3;
						TestTargetID = 3F547C8F280674730036E56E;
					};
				};
			};
			buildConfigurationList = 3F547C8B280674730036E56E /* Build configuration list for PBXProject "Butham_GroceryApp" */;
			compatibilityVersion = "Xcode 13.0";
			developmentRegion = en;
			hasScannedForEncodings = 0;
			knownRegions = (
				en,
				Base,
			);
			mainGroup = 3F547C87280674730036E56E;
			productRefGroup = 3F547C91280674730036E56E /* Products */;
			projectDirPath = "";
			projectRoot = "";
			targets = (
				3F547C8F280674730036E56E /* Butham_GroceryApp */,
				3F547CA5280674740036E56E /* Butham_GroceryAppTests */,
				3F547CAF280674740036E56E /* Butham_GroceryAppUITests */,
			);
		};
/* End PBXProject section */

/* Begin PBXResourcesBuildPhase section */
		3F547C8E280674730036E56E /* Resources */ = {
			isa = PBXResourcesBuildPhase;
			buildActionMask = 2147483647;
			files = (
				3F547CA0280674740036E56E /* LaunchScreen.storyboard in Resources */,
				3F547C9D280674740036E56E /* Assets.xcassets in Resources */,
				3F547C9B280674730036E56E /* Main.storyboard in Resources */,
			);
			runOnlyForDeploymentPostprocessing = 0;
		};
		3F547CA4280674740036E56E /* Resources */ = {
			isa = PBXResourcesBuildPhase;
			buildActionMask = 2147483647;
			files = (
			);
			runOnlyForDeploymentPostprocessing = 0;
		};
		3F547CAE280674740036E56E /* Resources */ = {
			isa = PBXResourcesBuildPhase;
			buildActionMask = 2147483647;
			files = (
			);
			runOnlyForDeploymentPostprocessing = 0;
		};
/* End PBXResourcesBuildPhase section */

/* Begin PBXSourcesBuildPhase section */
		3F547C8C280674730036E56E /* Sources */ = {
			isa = PBXSourcesBuildPhase;
			buildActionMask = 2147483647;
			files = (
				3F547C98280674730036E56E /* GrocerySectionsViewController.swift in Sources */,
				3F547CC82806758F0036E56E /* GrocerySections.swift in Sources */,
				3F547C94280674730036E56E /* AppDelegate.swift in Sources */,
				3F547CC4280675570036E56E /* GroceryItemsViewController.swift in Sources */,
				3F547CC6280675770036E56E /* ItemInfoViewController.swift in Sources */,
				3F547C96280674730036E56E /* SceneDelegate.swift in Sources */,
			);
			runOnlyForDeploymentPostprocessing = 0;
		};
		3F547CA2280674740036E56E /* Sources */ = {
			isa = PBXSourcesBuildPhase;
			buildActionMask = 2147483647;
			files = (
				3F547CAB280674740036E56E /* Butham_GroceryAppTests.swift in Sources */,
			);
			runOnlyForDeploymentPostprocessing = 0;
		};
		3F547CAC280674740036E56E /* Sources */ = {
			isa = PBXSourcesBuildPhase;
			buildActionMask = 2147483647;
			files = (
				3F547CB5280674740036E56E /* Butham_GroceryAppUITests.swift in Sources */,
				3F547CB7280674740036E56E /* Butham_GroceryAppUITestsLaunchTests.swift in Sources */,
			);
			runOnlyForDeploymentPostprocessing = 0;
		};
/* End PBXSourcesBuildPhase section */

/* Begin PBXTargetDependency section */
		3F547CA8280674740036E56E /* PBXTargetDependency */ = {
			isa = PBXTargetDependency;
			target = 3F547C8F280674730036E56E /* Butham_GroceryApp */;
			targetProxy = 3F547CA7280674740036E56E /* PBXContainerItemProxy */;
		};
		3F547CB2280674740036E56E /* PBXTargetDependency */ = {
			isa = PBXTargetDependency;
			target = 3F547C8F280674730036E56E /* Butham_GroceryApp */;
			targetProxy = 3F547CB1280674740036E56E /* PBXContainerItemProxy */;
		};
/* End PBXTargetDependency section */

/* Begin PBXVariantGroup section */
		3F547C99280674730036E56E /* Main.storyboard */ = {
			isa = PBXVariantGroup;
			children = (
				3F547C9A280674730036E56E /* Base */,
			);
			name = Main.storyboard;
			sourceTree = "<group>";
		};
		3F547C9E280674740036E56E /* LaunchScreen.storyboard */ = {
			isa = PBXVariantGroup;
			children = (
				3F547C9F280674740036E56E /* Base */,
			);
			name = LaunchScreen.storyboard;
			sourceTree = "<group>";
		};
/* End PBXVariantGroup section */

/* Begin XCBuildConfiguration section */
		3F547CB8280674740036E56E /* Debug */ = {
			isa = XCBuildConfiguration;
			buildSettings = {
				ALWAYS_SEARCH_USER_PATHS = NO;
				CLANG_ANALYZER_NONNULL = YES;
				CLANG_ANALYZER_NUMBER_OBJECT_CONVERSION = YES_AGGRESSIVE;
				CLANG_CXX_LANGUAGE_STANDARD = "gnu++17";
				CLANG_ENABLE_MODULES = YES;
				CLANG_ENABLE_OBJC_ARC = YES;
				CLANG_ENABLE_OBJC_WEAK = YES;
				CLANG_WARN_BLOCK_CAPTURE_AUTORELEASING = YES;
				CLANG_WARN_BOOL_CONVERSION = YES;
				CLANG_WARN_COMMA = YES;
				CLANG_WARN_CONSTANT_CONVERSION = YES;
				CLANG_WARN_DEPRECATED_OBJC_IMPLEMENTATIONS = YES;
				CLANG_WARN_DIRECT_OBJC_ISA_USAGE = YES_ERROR;
				CLANG_WARN_DOCUMENTATION_COMMENTS = YES;
				CLANG_WARN_EMPTY_BODY = YES;
				CLANG_WARN_ENUM_CONVERSION = YES;
				CLANG_WARN_INFINITE_RECURSION = YES;
				CLANG_WARN_INT_CONVERSION = YES;
				CLANG_WARN_NON_LITERAL_NULL_CONVERSION = YES;
				CLANG_WARN_OBJC_IMPLICIT_RETAIN_SELF = YES;
				CLANG_WARN_OBJC_LITERAL_CONVERSION = YES;
				CLANG_WARN_OBJC_ROOT_CLASS = YES_ERROR;
				CLANG_WARN_QUOTED_INCLUDE_IN_FRAMEWORK_HEADER = YES;
				CLANG_WARN_RANGE_LOOP_ANALYSIS = YES;
				CLANG_WARN_STRICT_PROTOTYPES = YES;
				CLANG_WARN_SUSPICIOUS_MOVE = YES;
				CLANG_WARN_UNGUARDED_AVAILABILITY = YES_AGGRESSIVE;
				CLANG_WARN_UNREACHABLE_CODE = YES;
				CLANG_WARN__DUPLICATE_METHOD_MATCH = YES;
				COPY_PHASE_STRIP = NO;
				DEBUG_INFORMATION_FORMAT = dwarf;
				ENABLE_STRICT_OBJC_MSGSEND = YES;
				ENABLE_TESTABILITY = YES;
				GCC_C_LANGUAGE_STANDARD = gnu11;
				GCC_DYNAMIC_NO_PIC = NO;
				GCC_NO_COMMON_BLOCKS = YES;
				GCC_OPTIMIZATION_LEVEL = 0;
				GCC_PREPROCESSOR_DEFINITIONS = (
					"DEBUG=1",
					"$(inherited)",
				);
				GCC_WARN_64_TO_32_BIT_CONVERSION = YES;
				GCC_WARN_ABOUT_RETURN_TYPE = YES_ERROR;
				GCC_WARN_UNDECLARED_SELECTOR = YES;
				GCC_WARN_UNINITIALIZED_AUTOS = YES_AGGRESSIVE;
				GCC_WARN_UNUSED_FUNCTION = YES;
				GCC_WARN_UNUSED_VARIABLE = YES;
				IPHONEOS_DEPLOYMENT_TARGET = 15.4;
				MTL_ENABLE_DEBUG_INFO = INCLUDE_SOURCE;
				MTL_FAST_MATH = YES;
				ONLY_ACTIVE_ARCH = YES;
				SDKROOT = iphoneos;
				SWIFT_ACTIVE_COMPILATION_CONDITIONS = DEBUG;
				SWIFT_OPTIMIZATION_LEVEL = "-Onone";
			};
			name = Debug;
		};
		3F547CB9280674740036E56E /* Release */ = {
			isa = XCBuildConfiguration;
			buildSettings = {
				ALWAYS_SEARCH_USER_PATHS = NO;
				CLANG_ANALYZER_NONNULL = YES;
				CLANG_ANALYZER_NUMBER_OBJECT_CONVERSION = YES_AGGRESSIVE;
				CLANG_CXX_LANGUAGE_STANDARD = "gnu++17";
				CLANG_ENABLE_MODULES = YES;
				CLANG_ENABLE_OBJC_ARC = YES;
				CLANG_ENABLE_OBJC_WEAK = YES;
				CLANG_WARN_BLOCK_CAPTURE_AUTORELEASING = YES;
				CLANG_WARN_BOOL_CONVERSION = YES;
				CLANG_WARN_COMMA = YES;
				CLANG_WARN_CONSTANT_CONVERSION = YES;
				CLANG_WARN_DEPRECATED_OBJC_IMPLEMENTATIONS = YES;
				CLANG_WARN_DIRECT_OBJC_ISA_USAGE = YES_ERROR;
				CLANG_WARN_DOCUMENTATION_COMMENTS = YES;
				CLANG_WARN_EMPTY_BODY = YES;
				CLANG_WARN_ENUM_CONVERSION = YES;
				CLANG_WARN_INFINITE_RECURSION = YES;
				CLANG_WARN_INT_CONVERSION = YES;
				CLANG_WARN_NON_LITERAL_NULL_CONVERSION = YES;
				CLANG_WARN_OBJC_IMPLICIT_RETAIN_SELF = YES;
				CLANG_WARN_OBJC_LITERAL_CONVERSION = YES;
				CLANG_WARN_OBJC_ROOT_CLASS = YES_ERROR;
				CLANG_WARN_QUOTED_INCLUDE_IN_FRAMEWORK_HEADER = YES;
				CLANG_WARN_RANGE_LOOP_ANALYSIS = YES;
				CLANG_WARN_STRICT_PROTOTYPES = YES;
				CLANG_WARN_SUSPICIOUS_MOVE = YES;
				CLANG_WARN_UNGUARDED_AVAILABILITY = YES_AGGRESSIVE;
				CLANG_WARN_UNREACHABLE_CODE = YES;
				CLANG_WARN__DUPLICATE_METHOD_MATCH = YES;
				COPY_PHASE_STRIP = NO;
				DEBUG_INFORMATION_FORMAT = "dwarf-with-dsym";
				ENABLE_NS_ASSERTIONS = NO;
				ENABLE_STRICT_OBJC_MSGSEND = YES;
				GCC_C_LANGUAGE_STANDARD = gnu11;
				GCC_NO_COMMON_BLOCKS = YES;
				GCC_WARN_64_TO_32_BIT_CONVERSION = YES;
				GCC_WARN_ABOUT_RETURN_TYPE = YES_ERROR;
				GCC_WARN_UNDECLARED_SELECTOR = YES;
				GCC_WARN_UNINITIALIZED_AUTOS = YES_AGGRESSIVE;
				GCC_WARN_UNUSED_FUNCTION = YES;
				GCC_WARN_UNUSED_VARIABLE = YES;
				IPHONEOS_DEPLOYMENT_TARGET = 15.4;
				MTL_ENABLE_DEBUG_INFO = NO;
				MTL_FAST_MATH = YES;
				SDKROOT = iphoneos;
				SWIFT_COMPILATION_MODE = wholemodule;
				SWIFT_OPTIMIZATION_LEVEL = "-O";
				VALIDATE_PRODUCT = YES;
			};
			name = Release;
		};
		3F547CBB280674740036E56E /* Debug */ = {
			isa = XCBuildConfiguration;
			buildSettings = {
				ASSETCATALOG_COMPILER_APPICON_NAME = AppIcon;
				ASSETCATALOG_COMPILER_GLOBAL_ACCENT_COLOR_NAME = AccentColor;
				CODE_SIGN_STYLE = Automatic;
				CURRENT_PROJECT_VERSION = 1;
				GENERATE_INFOPLIST_FILE = YES;
				INFOPLIST_FILE = Butham_GroceryApp/Info.plist;
				INFOPLIST_KEY_UIApplicationSupportsIndirectInputEvents = YES;
				INFOPLIST_KEY_UILaunchStoryboardName = LaunchScreen;
				INFOPLIST_KEY_UIMainStoryboardFile = Main;
				INFOPLIST_KEY_UISupportedInterfaceOrientations_iPad = "UIInterfaceOrientationPortrait UIInterfaceOrientationPortraitUpsideDown UIInterfaceOrientationLandscapeLeft UIInterfaceOrientationLandscapeRight";
				INFOPLIST_KEY_UISupportedInterfaceOrientations_iPhone = "UIInterfaceOrientationPortrait UIInterfaceOrientationLandscapeLeft UIInterfaceOrientationLandscapeRight";
				LD_RUNPATH_SEARCH_PATHS = (
					"$(inherited)",
					"@executable_path/Frameworks",
				);
				MARKETING_VERSION = 1.0;
				PRODUCT_BUNDLE_IDENTIFIER = "nwmsu.Butham-GroceryApp";
				PRODUCT_NAME = "$(TARGET_NAME)";
				SWIFT_EMIT_LOC_STRINGS = YES;
				SWIFT_VERSION = 5.0;
				TARGETED_DEVICE_FAMILY = "1,2";
			};
			name = Debug;
		};
		3F547CBC280674740036E56E /* Release */ = {
			isa = XCBuildConfiguration;
			buildSettings = {
				ASSETCATALOG_COMPILER_APPICON_NAME = AppIcon;
				ASSETCATALOG_COMPILER_GLOBAL_ACCENT_COLOR_NAME = AccentColor;
				CODE_SIGN_STYLE = Automatic;
				CURRENT_PROJECT_VERSION = 1;
				GENERATE_INFOPLIST_FILE = YES;
				INFOPLIST_FILE = Butham_GroceryApp/Info.plist;
				INFOPLIST_KEY_UIApplicationSupportsIndirectInputEvents = YES;
				INFOPLIST_KEY_UILaunchStoryboardName = LaunchScreen;
				INFOPLIST_KEY_UIMainStoryboardFile = Main;
				INFOPLIST_KEY_UISupportedInterfaceOrientations_iPad = "UIInterfaceOrientationPortrait UIInterfaceOrientationPortraitUpsideDown UIInterfaceOrientationLandscapeLeft UIInterfaceOrientationLandscapeRight";
				INFOPLIST_KEY_UISupportedInterfaceOrientations_iPhone = "UIInterfaceOrientationPortrait UIInterfaceOrientationLandscapeLeft UIInterfaceOrientationLandscapeRight";
				LD_RUNPATH_SEARCH_PATHS = (
					"$(inherited)",
					"@executable_path/Frameworks",
				);
				MARKETING_VERSION = 1.0;
				PRODUCT_BUNDLE_IDENTIFIER = "nwmsu.Butham-GroceryApp";
				PRODUCT_NAME = "$(TARGET_NAME)";
				SWIFT_EMIT_LOC_STRINGS = YES;
				SWIFT_VERSION = 5.0;
				TARGETED_DEVICE_FAMILY = "1,2";
			};
			name = Release;
		};
		3F547CBE280674740036E56E /* Debug */ = {
			isa = XCBuildConfiguration;
			buildSettings = {
				ALWAYS_EMBED_SWIFT_STANDARD_LIBRARIES = YES;
				BUNDLE_LOADER = "$(TEST_HOST)";
				CODE_SIGN_STYLE = Automatic;
				CURRENT_PROJECT_VERSION = 1;
				GENERATE_INFOPLIST_FILE = YES;
				IPHONEOS_DEPLOYMENT_TARGET = 15.4;
				MARKETING_VERSION = 1.0;
				PRODUCT_BUNDLE_IDENTIFIER = "nwmsu.Butham-GroceryAppTests";
				PRODUCT_NAME = "$(TARGET_NAME)";
				SWIFT_EMIT_LOC_STRINGS = NO;
				SWIFT_VERSION = 5.0;
				TARGETED_DEVICE_FAMILY = "1,2";
				TEST_HOST = "$(BUILT_PRODUCTS_DIR)/Butham_GroceryApp.app/Butham_GroceryApp";
			};
			name = Debug;
		};
		3F547CBF280674740036E56E /* Release */ = {
			isa = XCBuildConfiguration;
			buildSettings = {
				ALWAYS_EMBED_SWIFT_STANDARD_LIBRARIES = YES;
				BUNDLE_LOADER = "$(TEST_HOST)";
				CODE_SIGN_STYLE = Automatic;
				CURRENT_PROJECT_VERSION = 1;
				GENERATE_INFOPLIST_FILE = YES;
				IPHONEOS_DEPLOYMENT_TARGET = 15.4;
				MARKETING_VERSION = 1.0;
				PRODUCT_BUNDLE_IDENTIFIER = "nwmsu.Butham-GroceryAppTests";
				PRODUCT_NAME = "$(TARGET_NAME)";
				SWIFT_EMIT_LOC_STRINGS = NO;
				SWIFT_VERSION = 5.0;
				TARGETED_DEVICE_FAMILY = "1,2";
				TEST_HOST = "$(BUILT_PRODUCTS_DIR)/Butham_GroceryApp.app/Butham_GroceryApp";
			};
			name = Release;
		};
		3F547CC1280674740036E56E /* Debug */ = {
			isa = XCBuildConfiguration;
			buildSettings = {
				ALWAYS_EMBED_SWIFT_STANDARD_LIBRARIES = YES;
				CODE_SIGN_STYLE = Automatic;
				CURRENT_PROJECT_VERSION = 1;
				GENERATE_INFOPLIST_FILE = YES;
				MARKETING_VERSION = 1.0;
				PRODUCT_BUNDLE_IDENTIFIER = "nwmsu.Butham-GroceryAppUITests";
				PRODUCT_NAME = "$(TARGET_NAME)";
				SWIFT_EMIT_LOC_STRINGS = NO;
				SWIFT_VERSION = 5.0;
				TARGETED_DEVICE_FAMILY = "1,2";
				TEST_TARGET_NAME = Butham_GroceryApp;
			};
			name = Debug;
		};
		3F547CC2280674740036E56E /* Release */ = {
			isa = XCBuildConfiguration;
			buildSettings = {
				ALWAYS_EMBED_SWIFT_STANDARD_LIBRARIES = YES;
				CODE_SIGN_STYLE = Automatic;
				CURRENT_PROJECT_VERSION = 1;
				GENERATE_INFOPLIST_FILE = YES;
				MARKETING_VERSION = 1.0;
				PRODUCT_BUNDLE_IDENTIFIER = "nwmsu.Butham-GroceryAppUITests";
				PRODUCT_NAME = "$(TARGET_NAME)";
				SWIFT_EMIT_LOC_STRINGS = NO;
				SWIFT_VERSION = 5.0;
				TARGETED_DEVICE_FAMILY = "1,2";
				TEST_TARGET_NAME = Butham_GroceryApp;
			};
			name = Release;
		};
/* End XCBuildConfiguration section */

/* Begin XCConfigurationList section */
		3F547C8B280674730036E56E /* Build configuration list for PBXProject "Butham_GroceryApp" */ = {
			isa = XCConfigurationList;
			buildConfigurations = (
				3F547CB8280674740036E56E /* Debug */,
				3F547CB9280674740036E56E /* Release */,
			);
			defaultConfigurationIsVisible = 0;
			defaultConfigurationName = Release;
		};
		3F547CBA280674740036E56E /* Build configuration list for PBXNativeTarget "Butham_GroceryApp" */ = {
			isa = XCConfigurationList;
			buildConfigurations = (
				3F547CBB280674740036E56E /* Debug */,
				3F547CBC280674740036E56E /* Release */,
			);
			defaultConfigurationIsVisible = 0;
			defaultConfigurationName = Release;
		};
		3F547CBD280674740036E56E /* Build configuration list for PBXNativeTarget "Butham_GroceryAppTests" */ = {
			isa = XCConfigurationList;
			buildConfigurations = (
				3F547CBE280674740036E56E /* Debug */,
				3F547CBF280674740036E56E /* Release */,
			);
			defaultConfigurationIsVisible = 0;
			defaultConfigurationName = Release;
		};
		3F547CC0280674740036E56E /* Build configuration list for PBXNativeTarget "Butham_GroceryAppUITests" */ = {
			isa = XCConfigurationList;
			buildConfigurations = (
				3F547CC1280674740036E56E /* Debug */,
				3F547CC2280674740036E56E /* Release */,
			);
			defaultConfigurationIsVisible = 0;
			defaultConfigurationName = Release;
		};
/* End XCConfigurationList section */
	};
	rootObject = 3F547C88280674730036E56E /* Project object */;
}
